
Microsoft Visual Studio Solution File, Format Version 12.00
# Visual Studio Version 16
VisualStudioVersion = 16.0.29418.71
MinimumVisualStudioVersion = 10.0.40219.1
Project("{FAE04EC0-301F-11D3-BF4B-00C04F79EFBC}") = "Monopoly Project", "Monopoly Project\Monopoly Project.csproj", "{1A862E08-A1D8-4987-840A-0DB52FE391C2}"
EndProject
Project("{FAE04EC0-301F-11D3-BF4B-00C04F79EFBC}") = "MonopolyUnitTest", "MonopolyUnitTest\MonopolyUnitTest.csproj", "{1640B4AA-2977-438B-BF39-2F23286A8FEA}"
EndProject
Global
	GlobalSection(SolutionConfigurationPlatforms) = preSolution
		Debug|Any CPU = Debug|Any CPU
		Release|Any CPU = Release|Any CPU
	EndGlobalSection
	GlobalSection(ProjectConfigurationPlatforms) = postSolution
		{1A862E08-A1D8-4987-840A-0DB52FE391C2}.Debug|Any CPU.ActiveCfg = Debug|Any CPU
		{1A862E08-A1D8-4987-840A-0DB52FE391C2}.Debug|Any CPU.Build.0 = Debug|Any CPU
		{1A862E08-A1D8-4987-840A-0DB52FE391C2}.Release|Any CPU.ActiveCfg = Release|Any CPU
		{1A862E08-A1D8-4987-840A-0DB52FE391C2}.Release|Any CPU.Build.0 = Release|Any CPU
		{1640B4AA-2977-438B-BF39-2F23286A8FEA}.Debug|Any CPU.ActiveCfg = Debug|Any CPU
		{1640B4AA-2977-438B-BF39-2F23286A8FEA}.Debug|Any CPU.Build.0 = Debug|Any CPU
		{1640B4AA-2977-438B-BF39-2F23286A8FEA}.Release|Any CPU.ActiveCfg = Release|Any CPU
		{1640B4AA-2977-438B-BF39-2F23286A8FEA}.Release|Any CPU.Build.0 = Release|Any CPU
	EndGlobalSection
	GlobalSection(SolutionProperties) = preSolution
		HideSolutionNode = FALSE
	EndGlobalSection
	GlobalSection(ExtensibilityGlobals) = postSolution
		SolutionGuid = {157CCC5A-6D33-4323-83A6-9E2932E1E95F}
	EndGlobalSection
EndGlobal
